
Microsoft Visual Studio Solution File, Format Version 12.00
# Visual Studio Version 17
VisualStudioVersion = 17.3.32929.385
MinimumVisualStudioVersion = 10.0.40219.1
Project("{FAE04EC0-301F-11D3-BF4B-00C04F79EFBC}") = "ArchManager", "ArchManager.csproj", "{8A5134D6-3D5A-4544-834C-538D40DF4636}"
EndProject
Global
	GlobalSection(SolutionConfigurationPlatforms) = preSolution
		Debug|Any CPU = Debug|Any CPU
		Release|Any CPU = Release|Any CPU
	EndGlobalSection
	GlobalSection(ProjectConfigurationPlatforms) = postSolution
		{8A5134D6-3D5A-4544-834C-538D40DF4636}.Debug|Any CPU.ActiveCfg = Debug|Any CPU
		{8A5134D6-3D5A-4544-834C-538D40DF4636}.Debug|Any CPU.Build.0 = Debug|Any CPU
		{8A5134D6-3D5A-4544-834C-538D40DF4636}.Release|Any CPU.ActiveCfg = Release|Any CPU
		{8A5134D6-3D5A-4544-834C-538D40DF4636}.Release|Any CPU.Build.0 = Release|Any CPU
	EndGlobalSection
	GlobalSection(SolutionProperties) = preSolution
		HideSolutionNode = FALSE
	EndGlobalSection
	GlobalSection(ExtensibilityGlobals) = postSolution
		SolutionGuid = {1DB2D9C3-8531-43A5-ACEF-C1F44F1A6233}
	EndGlobalSection
EndGlobal
